
Microsoft Visual Studio Solution File, Format Version 12.00
# Visual Studio Version 16
VisualStudioVersion = 16.0.29326.143
MinimumVisualStudioVersion = 10.0.40219.1
Project("{8BC9CEB8-8B4A-11D0-8D11-00A0C91BC942}") = "Task1", "Task1.vcxproj", "{C4E6A3B8-ED21-4F4D-863B-42FAD485FEDC}"
EndProject
Global
	GlobalSection(SolutionConfigurationPlatforms) = preSolution
		Debug|x64 = Debug|x64
		Debug|x86 = Debug|x86
		Release|x64 = Release|x64
		Release|x86 = Release|x86
	EndGlobalSection
	GlobalSection(ProjectConfigurationPlatforms) = postSolution
		{C4E6A3B8-ED21-4F4D-863B-42FAD485FEDC}.Debug|x64.ActiveCfg = Debug|x64
		{C4E6A3B8-ED21-4F4D-863B-42FAD485FEDC}.Debug|x64.Build.0 = Debug|x64
		{C4E6A3B8-ED21-4F4D-863B-42FAD485FEDC}.Debug|x86.ActiveCfg = Debug|Win32
		{C4E6A3B8-ED21-4F4D-863B-42FAD485FEDC}.Debug|x86.Build.0 = Debug|Win32
		{C4E6A3B8-ED21-4F4D-863B-42FAD485FEDC}.Release|x64.ActiveCfg = Release|x64
		{C4E6A3B8-ED21-4F4D-863B-42FAD485FEDC}.Release|x64.Build.0 = Release|x64
		{C4E6A3B8-ED21-4F4D-863B-42FAD485FEDC}.Release|x86.ActiveCfg = Release|Win32
		{C4E6A3B8-ED21-4F4D-863B-42FAD485FEDC}.Release|x86.Build.0 = Release|Win32
	EndGlobalSection
	GlobalSection(SolutionProperties) = preSolution
		HideSolutionNode = FALSE
	EndGlobalSection
	GlobalSection(ExtensibilityGlobals) = postSolution
		SolutionGuid = {06C78660-B9A9-419E-A682-688CB6A7ECB7}
	EndGlobalSection
EndGlobal
